
Microsoft Visual Studio Solution File, Format Version 12.00
# Visual Studio Version 16
VisualStudioVersion = 16.0.33027.164
MinimumVisualStudioVersion = 10.0.40219.1
Project("{9A19103F-16F7-4668-BE54-9A1E7A4F7556}") = "CarRentalManagement.Server", "CarRentalManagement\Server\CarRentalManagement.Server.csproj", "{67C246B6-8E83-4666-A456-B9B19BB84A48}"
EndProject
Project("{9A19103F-16F7-4668-BE54-9A1E7A4F7556}") = "CarRentalManagement.Client", "CarRentalManagement\Client\CarRentalManagement.Client.csproj", "{3ED2C67E-AE46-433A-8FF1-A9577DD7D96D}"
EndProject
Project("{9A19103F-16F7-4668-BE54-9A1E7A4F7556}") = "CarRentalManagement.Shared", "CarRentalManagement\Shared\CarRentalManagement.Shared.csproj", "{86E49A25-6E0F-464A-BE19-71462EF32711}"
EndProject
Global
	GlobalSection(SolutionConfigurationPlatforms) = preSolution
		Debug|Any CPU = Debug|Any CPU
		Release|Any CPU = Release|Any CPU
	EndGlobalSection
	GlobalSection(ProjectConfigurationPlatforms) = postSolution
		{67C246B6-8E83-4666-A456-B9B19BB84A48}.Debug|Any CPU.ActiveCfg = Debug|Any CPU
		{67C246B6-8E83-4666-A456-B9B19BB84A48}.Debug|Any CPU.Build.0 = Debug|Any CPU
		{67C246B6-8E83-4666-A456-B9B19BB84A48}.Release|Any CPU.ActiveCfg = Release|Any CPU
		{67C246B6-8E83-4666-A456-B9B19BB84A48}.Release|Any CPU.Build.0 = Release|Any CPU
		{3ED2C67E-AE46-433A-8FF1-A9577DD7D96D}.Debug|Any CPU.ActiveCfg = Debug|Any CPU
		{3ED2C67E-AE46-433A-8FF1-A9577DD7D96D}.Debug|Any CPU.Build.0 = Debug|Any CPU
		{3ED2C67E-AE46-433A-8FF1-A9577DD7D96D}.Release|Any CPU.ActiveCfg = Release|Any CPU
		{3ED2C67E-AE46-433A-8FF1-A9577DD7D96D}.Release|Any CPU.Build.0 = Release|Any CPU
		{86E49A25-6E0F-464A-BE19-71462EF32711}.Debug|Any CPU.ActiveCfg = Debug|Any CPU
		{86E49A25-6E0F-464A-BE19-71462EF32711}.Debug|Any CPU.Build.0 = Debug|Any CPU
		{86E49A25-6E0F-464A-BE19-71462EF32711}.Release|Any CPU.ActiveCfg = Release|Any CPU
		{86E49A25-6E0F-464A-BE19-71462EF32711}.Release|Any CPU.Build.0 = Release|Any CPU
	EndGlobalSection
	GlobalSection(SolutionProperties) = preSolution
		HideSolutionNode = FALSE
	EndGlobalSection
	GlobalSection(ExtensibilityGlobals) = postSolution
		SolutionGuid = {E22CC907-C6C5-42A6-BE4A-44D542BF1732}
	EndGlobalSection
EndGlobal
